
Microsoft Visual Studio Solution File, Format Version 12.00
# Visual Studio 2013
Project("{FAE04EC0-301F-11D3-BF4B-00C04F79EFBC}") = "UNITY_RiverGiants.CSharp", "UNITY_RiverGiants.CSharp.csproj", "{A8C3DB75-6824-854C-58AF-28CBCEECF941}"
EndProject
Global
	GlobalSection(SolutionConfigurationPlatforms) = preSolution
		Debug|Any CPU = Debug|Any CPU
		Release|Any CPU = Release|Any CPU
	EndGlobalSection
	GlobalSection(ProjectConfigurationPlatforms) = postSolution
		{A8C3DB75-6824-854C-58AF-28CBCEECF941}.Debug|Any CPU.ActiveCfg = Debug|Any CPU
		{A8C3DB75-6824-854C-58AF-28CBCEECF941}.Debug|Any CPU.Build.0 = Debug|Any CPU
		{A8C3DB75-6824-854C-58AF-28CBCEECF941}.Release|Any CPU.ActiveCfg = Release|Any CPU
		{A8C3DB75-6824-854C-58AF-28CBCEECF941}.Release|Any CPU.Build.0 = Release|Any CPU
	EndGlobalSection
	GlobalSection(SolutionProperties) = preSolution
		HideSolutionNode = FALSE
	EndGlobalSection
EndGlobal
